// !$*UTF8*$!
{
	archiveVersion = 1;
	classes = {
	};
	objectVersion = 77;
	objects = {

/* Begin PBXContainerItemProxy section */
		DB017DC02D84EC7D008A5E2A /* PBXContainerItemProxy */ = {
			isa = PBXContainerItemProxy;
			containerPortal = DB017DA72D84EC7B008A5E2A /* Project object */;
			proxyType = 1;
			remoteGlobalIDString = DB017DAE2D84EC7B008A5E2A;
			remoteInfo = "CarMax App v2";
		};
		DB017DCA2D84EC7D008A5E2A /* PBXContainerItemProxy */ = {
			isa = PBXContainerItemProxy;
			containerPortal = DB017DA72D84EC7B008A5E2A /* Project object */;
			proxyType = 1;
			remoteGlobalIDString = DB017DAE2D84EC7B008A5E2A;
			remoteInfo = "CarMax App v2";
		};
/* End PBXContainerItemProxy section */

/* Begin PBXFileReference section */
		DB017DAF2D84EC7B008A5E2A /* CarMax App v2.app */ = {isa = PBXFileReference; explicitFileType = wrapper.application; includeInIndex = 0; path = "CarMax App v2.app"; sourceTree = BUILT_PRODUCTS_DIR; };
		DB017DBF2D84EC7D008A5E2A /* CarMax App v2Tests.xctest */ = {isa = PBXFileReference; explicitFileType = wrapper.cfbundle; includeInIndex = 0; path = "CarMax App v2Tests.xctest"; sourceTree = BUILT_PRODUCTS_DIR; };
		DB017DC92D84EC7D008A5E2A /* CarMax App v2UITests.xctest */ = {isa = PBXFileReference; explicitFileType = wrapper.cfbundle; includeInIndex = 0; path = "CarMax App v2UITests.xctest"; sourceTree = BUILT_PRODUCTS_DIR; };
/* End PBXFileReference section */

/* Begin PBXFileSystemSynchronizedRootGroup section */
		DB017DB12D84EC7B008A5E2A /* CarMax App v2 */ = {
			isa = PBXFileSystemSynchronizedRootGroup;
			path = "CarMax App v2";
			sourceTree = "<group>";
		};
		DB017DC22D84EC7D008A5E2A /* CarMax App v2Tests */ = {
			isa = PBXFileSystemSynchronizedRootGroup;
			path = "CarMax App v2Tests";
			sourceTree = "<group>";
		};
		DB017DCC2D84EC7D008A5E2A /* CarMax App v2UITests */ = {
			isa = PBXFileSystemSynchronizedRootGroup;
			path = "CarMax App v2UITests";
			sourceTree = "<group>";
		};
/* End PBXFileSystemSynchronizedRootGroup section */

/* Begin PBXFrameworksBuildPhase section */
		DB017DAC2D84EC7B008A5E2A /* Frameworks */ = {
			isa = PBXFrameworksBuildPhase;
			buildActionMask = 2147483647;
			files = (
			);
			runOnlyForDeploymentPostprocessing = 0;
		};
		DB017DBC2D84EC7D008A5E2A /* Frameworks */ = {
			isa = PBXFrameworksBuildPhase;
			buildActionMask = 2147483647;
			files = (
			);
			runOnlyForDeploymentPostprocessing = 0;
		};
		DB017DC62D84EC7D008A5E2A /* Frameworks */ = {
			isa = PBXFrameworksBuildPhase;
			buildActionMask = 2147483647;
			files = (
			);
			runOnlyForDeploymentPostprocessing = 0;
		};
/* End PBXFrameworksBuildPhase section */

/* Begin PBXGroup section */
		DB017DA62D84EC7B008A5E2A = {
			isa = PBXGroup;
			children = (
				DB017DB12D84EC7B008A5E2A /* CarMax App v2 */,
				DB017DC22D84EC7D008A5E2A /* CarMax App v2Tests */,
				DB017DCC2D84EC7D008A5E2A /* CarMax App v2UITests */,
				DB017DB02D84EC7B008A5E2A /* Products */,
			);
			sourceTree = "<group>";
		};
		DB017DB02D84EC7B008A5E2A /* Products */ = {
			isa = PBXGroup;
			children = (
				DB017DAF2D84EC7B008A5E2A /* CarMax App v2.app */,
				DB017DBF2D84EC7D008A5E2A /* CarMax App v2Tests.xctest */,
				DB017DC92D84EC7D008A5E2A /* CarMax App v2UITests.xctest */,
			);
			name = Products;
			sourceTree = "<group>";
		};
/* End PBXGroup section */

/* Begin PBXNativeTarget section */
		DB017DAE2D84EC7B008A5E2A /* CarMax App v2 */ = {
			isa = PBXNativeTarget;
			buildConfigurationList = DB017DD32D84EC7D008A5E2A /* Build configuration list for PBXNativeTarget "CarMax App v2" */;
			buildPhases = (
				DB017DAB2D84EC7B008A5E2A /* Sources */,
				DB017DAC2D84EC7B008A5E2A /* Frameworks */,
				DB017DAD2D84EC7B008A5E2A /* Resources */,
			);
			buildRules = (
			);
			dependencies = (
			);
			fileSystemSynchronizedGroups = (
				DB017DB12D84EC7B008A5E2A /* CarMax App v2 */,
			);
			name = "CarMax App v2";
			packageProductDependencies = (
			);
			productName = "CarMax App v2";
			productReference = DB017DAF2D84EC7B008A5E2A /* CarMax App v2.app */;
			productType = "com.apple.product-type.application";
		};
		DB017DBE2D84EC7D008A5E2A /* CarMax App v2Tests */ = {
			isa = PBXNativeTarget;
			buildConfigurationList = DB017DD62D84EC7D008A5E2A /* Build configuration list for PBXNativeTarget "CarMax App v2Tests" */;
			buildPhases = (
				DB017DBB2D84EC7D008A5E2A /* Sources */,
				DB017DBC2D84EC7D008A5E2A /* Frameworks */,
				DB017DBD2D84EC7D008A5E2A /* Resources */,
			);
			buildRules = (
			);
			dependencies = (
				DB017DC12D84EC7D008A5E2A /* PBXTargetDependency */,
			);
			fileSystemSynchronizedGroups = (
				DB017DC22D84EC7D008A5E2A /* CarMax App v2Tests */,
			);
			name = "CarMax App v2Tests";
			packageProductDependencies = (
			);
			productName = "CarMax App v2Tests";
			productReference = DB017DBF2D84EC7D008A5E2A /* CarMax App v2Tests.xctest */;
			productType = "com.apple.product-type.bundle.unit-test";
		};
		DB017DC82D84EC7D008A5E2A /* CarMax App v2UITests */ = {
			isa = PBXNativeTarget;
			buildConfigurationList = DB017DD92D84EC7D008A5E2A /* Build configuration list for PBXNativeTarget "CarMax App v2UITests" */;
			buildPhases = (
				DB017DC52D84EC7D008A5E2A /* Sources */,
				DB017DC62D84EC7D008A5E2A /* Frameworks */,
				DB017DC72D84EC7D008A5E2A /* Resources */,
			);
			buildRules = (
			);
			dependencies = (
				DB017DCB2D84EC7D008A5E2A /* PBXTargetDependency */,
			);
			fileSystemSynchronizedGroups = (
				DB017DCC2D84EC7D008A5E2A /* CarMax App v2UITests */,
			);
			name = "CarMax App v2UITests";
			packageProductDependencies = (
			);
			productName = "CarMax App v2UITests";
			productReference = DB017DC92D84EC7D008A5E2A /* CarMax App v2UITests.xctest */;
			productType = "com.apple.product-type.bundle.ui-testing";
		};
/* End PBXNativeTarget section */

/* Begin PBXProject section */
		DB017DA72D84EC7B008A5E2A /* Project object */ = {
			isa = PBXProject;
			attributes = {
				BuildIndependentTargetsInParallel = 1;
				LastSwiftUpdateCheck = 1620;
				LastUpgradeCheck = 1620;
				TargetAttributes = {
					DB017DAE2D84EC7B008A5E2A = {
						CreatedOnToolsVersion = 16.2;
					};
					DB017DBE2D84EC7D008A5E2A = {
						CreatedOnToolsVersion = 16.2;
						TestTargetID = DB017DAE2D84EC7B008A5E2A;
					};
					DB017DC82D84EC7D008A5E2A = {
						CreatedOnToolsVersion = 16.2;
						TestTargetID = DB017DAE2D84EC7B008A5E2A;
					};
				};
			};
			buildConfigurationList = DB017DAA2D84EC7B008A5E2A /* Build configuration list for PBXProject "CarMax App v2" */;
			developmentRegion = en;
			hasScannedForEncodings = 0;
			knownRegions = (
				en,
				Base,
			);
			mainGroup = DB017DA62D84EC7B008A5E2A;
			minimizedProjectReferenceProxies = 1;
			preferredProjectObjectVersion = 77;
			productRefGroup = DB017DB02D84EC7B008A5E2A /* Products */;
			projectDirPath = "";
			projectRoot = "";
			targets = (
				DB017DAE2D84EC7B008A5E2A /* CarMax App v2 */,
				DB017DBE2D84EC7D008A5E2A /* CarMax App v2Tests */,
				DB017DC82D84EC7D008A5E2A /* CarMax App v2UITests */,
			);
		};
/* End PBXProject section */

/* Begin PBXResourcesBuildPhase section */
		DB017DAD2D84EC7B008A5E2A /* Resources */ = {
			isa = PBXResourcesBuildPhase;
			buildActionMask = 2147483647;
			files = (
			);
			runOnlyForDeploymentPostprocessing = 0;
		};
		DB017DBD2D84EC7D008A5E2A /* Resources */ = {
			isa = PBXResourcesBuildPhase;
			buildActionMask = 2147483647;
			files = (
			);
			runOnlyForDeploymentPostprocessing = 0;
		};
		DB017DC72D84EC7D008A5E2A /* Resources */ = {
			isa = PBXResourcesBuildPhase;
			buildActionMask = 2147483647;
			files = (
			);
			runOnlyForDeploymentPostprocessing = 0;
		};
/* End PBXResourcesBuildPhase section */

/* Begin PBXSourcesBuildPhase section */
		DB017DAB2D84EC7B008A5E2A /* Sources */ = {
			isa = PBXSourcesBuildPhase;
			buildActionMask = 2147483647;
			files = (
			);
			runOnlyForDeploymentPostprocessing = 0;
		};
		DB017DBB2D84EC7D008A5E2A /* Sources */ = {
			isa = PBXSourcesBuildPhase;
			buildActionMask = 2147483647;
			files = (
			);
			runOnlyForDeploymentPostprocessing = 0;
		};
		DB017DC52D84EC7D008A5E2A /* Sources */ = {
			isa = PBXSourcesBuildPhase;
			buildActionMask = 2147483647;
			files = (
			);
			runOnlyForDeploymentPostprocessing = 0;
		};
/* End PBXSourcesBuildPhase section */

/* Begin PBXTargetDependency section */
		DB017DC12D84EC7D008A5E2A /* PBXTargetDependency */ = {
			isa = PBXTargetDependency;
			target = DB017DAE2D84EC7B008A5E2A /* CarMax App v2 */;
			targetProxy = DB017DC02D84EC7D008A5E2A /* PBXContainerItemProxy */;
		};
		DB017DCB2D84EC7D008A5E2A /* PBXTargetDependency */ = {
			isa = PBXTargetDependency;
			target = DB017DAE2D84EC7B008A5E2A /* CarMax App v2 */;
			targetProxy = DB017DCA2D84EC7D008A5E2A /* PBXContainerItemProxy */;
		};
/* End PBXTargetDependency section */

/* Begin XCBuildConfiguration section */
		DB017DD12D84EC7D008A5E2A /* Debug */ = {
			isa = XCBuildConfiguration;
			buildSettings = {
				ALWAYS_SEARCH_USER_PATHS = NO;
				ASSETCATALOG_COMPILER_GENERATE_SWIFT_ASSET_SYMBOL_EXTENSIONS = YES;
				CLANG_ANALYZER_NONNULL = YES;
				CLANG_ANALYZER_NUMBER_OBJECT_CONVERSION = YES_AGGRESSIVE;
				CLANG_CXX_LANGUAGE_STANDARD = "gnu++20";
				CLANG_ENABLE_MODULES = YES;
				CLANG_ENABLE_OBJC_ARC = YES;
				CLANG_ENABLE_OBJC_WEAK = YES;
				CLANG_WARN_BLOCK_CAPTURE_AUTORELEASING = YES;
				CLANG_WARN_BOOL_CONVERSION = YES;
				CLANG_WARN_COMMA = YES;
				CLANG_WARN_CONSTANT_CONVERSION = YES;
				CLANG_WARN_DEPRECATED_OBJC_IMPLEMENTATIONS = YES;
				CLANG_WARN_DIRECT_OBJC_ISA_USAGE = YES_ERROR;
				CLANG_WARN_DOCUMENTATION_COMMENTS = YES;
				CLANG_WARN_EMPTY_BODY = YES;
				CLANG_WARN_ENUM_CONVERSION = YES;
				CLANG_WARN_INFINITE_RECURSION = YES;
				CLANG_WARN_INT_CONVERSION = YES;
				CLANG_WARN_NON_LITERAL_NULL_CONVERSION = YES;
				CLANG_WARN_OBJC_IMPLICIT_RETAIN_SELF = YES;
				CLANG_WARN_OBJC_LITERAL_CONVERSION = YES;
				CLANG_WARN_OBJC_ROOT_CLASS = YES_ERROR;
				CLANG_WARN_QUOTED_INCLUDE_IN_FRAMEWORK_HEADER = YES;
				CLANG_WARN_RANGE_LOOP_ANALYSIS = YES;
				CLANG_WARN_STRICT_PROTOTYPES = YES;
				CLANG_WARN_SUSPICIOUS_MOVE = YES;
				CLANG_WARN_UNGUARDED_AVAILABILITY = YES_AGGRESSIVE;
				CLANG_WARN_UNREACHABLE_CODE = YES;
				CLANG_WARN__DUPLICATE_METHOD_MATCH = YES;
				COPY_PHASE_STRIP = NO;
				DEBUG_INFORMATION_FORMAT = dwarf;
				ENABLE_STRICT_OBJC_MSGSEND = YES;
				ENABLE_TESTABILITY = YES;
				ENABLE_USER_SCRIPT_SANDBOXING = YES;
				GCC_C_LANGUAGE_STANDARD = gnu17;
				GCC_DYNAMIC_NO_PIC = NO;
				GCC_NO_COMMON_BLOCKS = YES;
				GCC_OPTIMIZATION_LEVEL = 0;
				GCC_PREPROCESSOR_DEFINITIONS = (
					"DEBUG=1",
					"$(inherited)",
				);
				GCC_WARN_64_TO_32_BIT_CONVERSION = YES;
				GCC_WARN_ABOUT_RETURN_TYPE = YES_ERROR;
				GCC_WARN_UNDECLARED_SELECTOR = YES;
				GCC_WARN_UNINITIALIZED_AUTOS = YES_AGGRESSIVE;
				GCC_WARN_UNUSED_FUNCTION = YES;
				GCC_WARN_UNUSED_VARIABLE = YES;
				IPHONEOS_DEPLOYMENT_TARGET = 18.2;
				LOCALIZATION_PREFERS_STRING_CATALOGS = YES;
				MTL_ENABLE_DEBUG_INFO = INCLUDE_SOURCE;
				MTL_FAST_MATH = YES;
				ONLY_ACTIVE_ARCH = YES;
				SDKROOT = iphoneos;
				SWIFT_ACTIVE_COMPILATION_CONDITIONS = "DEBUG $(inherited)";
				SWIFT_OPTIMIZATION_LEVEL = "-Onone";
			};
			name = Debug;
		};
		DB017DD22D84EC7D008A5E2A /* Release */ = {
			isa = XCBuildConfiguration;
			buildSettings = {
				ALWAYS_SEARCH_USER_PATHS = NO;
				ASSETCATALOG_COMPILER_GENERATE_SWIFT_ASSET_SYMBOL_EXTENSIONS = YES;
				CLANG_ANALYZER_NONNULL = YES;
				CLANG_ANALYZER_NUMBER_OBJECT_CONVERSION = YES_AGGRESSIVE;
				CLANG_CXX_LANGUAGE_STANDARD = "gnu++20";
				CLANG_ENABLE_MODULES = YES;
				CLANG_ENABLE_OBJC_ARC = YES;
				CLANG_ENABLE_OBJC_WEAK = YES;
				CLANG_WARN_BLOCK_CAPTURE_AUTORELEASING = YES;
				CLANG_WARN_BOOL_CONVERSION = YES;
				CLANG_WARN_COMMA = YES;
				CLANG_WARN_CONSTANT_CONVERSION = YES;
				CLANG_WARN_DEPRECATED_OBJC_IMPLEMENTATIONS = YES;
				CLANG_WARN_DIRECT_OBJC_ISA_USAGE = YES_ERROR;
				CLANG_WARN_DOCUMENTATION_COMMENTS = YES;
				CLANG_WARN_EMPTY_BODY = YES;
				CLANG_WARN_ENUM_CONVERSION = YES;
				CLANG_WARN_INFINITE_RECURSION = YES;
				CLANG_WARN_INT_CONVERSION = YES;
				CLANG_WARN_NON_LITERAL_NULL_CONVERSION = YES;
				CLANG_WARN_OBJC_IMPLICIT_RETAIN_SELF = YES;
				CLANG_WARN_OBJC_LITERAL_CONVERSION = YES;
				CLANG_WARN_OBJC_ROOT_CLASS = YES_ERROR;
				CLANG_WARN_QUOTED_INCLUDE_IN_FRAMEWORK_HEADER = YES;
				CLANG_WARN_RANGE_LOOP_ANALYSIS = YES;
				CLANG_WARN_STRICT_PROTOTYPES = YES;
				CLANG_WARN_SUSPICIOUS_MOVE = YES;
				CLANG_WARN_UNGUARDED_AVAILABILITY = YES_AGGRESSIVE;
				CLANG_WARN_UNREACHABLE_CODE = YES;
				CLANG_WARN__DUPLICATE_METHOD_MATCH = YES;
				COPY_PHASE_STRIP = NO;
				DEBUG_INFORMATION_FORMAT = "dwarf-with-dsym";
				ENABLE_NS_ASSERTIONS = NO;
				ENABLE_STRICT_OBJC_MSGSEND = YES;
				ENABLE_USER_SCRIPT_SANDBOXING = YES;
				GCC_C_LANGUAGE_STANDARD = gnu17;
				GCC_NO_COMMON_BLOCKS = YES;
				GCC_WARN_64_TO_32_BIT_CONVERSION = YES;
				GCC_WARN_ABOUT_RETURN_TYPE = YES_ERROR;
				GCC_WARN_UNDECLARED_SELECTOR = YES;
				GCC_WARN_UNINITIALIZED_AUTOS = YES_AGGRESSIVE;
				GCC_WARN_UNUSED_FUNCTION = YES;
				GCC_WARN_UNUSED_VARIABLE = YES;
				IPHONEOS_DEPLOYMENT_TARGET = 18.2;
				LOCALIZATION_PREFERS_STRING_CATALOGS = YES;
				MTL_ENABLE_DEBUG_INFO = NO;
				MTL_FAST_MATH = YES;
				SDKROOT = iphoneos;
				SWIFT_COMPILATION_MODE = wholemodule;
				VALIDATE_PRODUCT = YES;
			};
			name = Release;
		};
		DB017DD42D84EC7D008A5E2A /* Debug */ = {
			isa = XCBuildConfiguration;
			buildSettings = {
				ASSETCATALOG_COMPILER_APPICON_NAME = AppIcon;
				ASSETCATALOG_COMPILER_GLOBAL_ACCENT_COLOR_NAME = AccentColor;
				CODE_SIGN_STYLE = Automatic;
				CURRENT_PROJECT_VERSION = 1;
				DEVELOPMENT_ASSET_PATHS = "\"CarMax App v2/Preview Content\"";
				ENABLE_PREVIEWS = YES;
				GENERATE_INFOPLIST_FILE = YES;
				INFOPLIST_KEY_UIApplicationSceneManifest_Generation = YES;
				INFOPLIST_KEY_UIApplicationSupportsIndirectInputEvents = YES;
				INFOPLIST_KEY_UILaunchScreen_Generation = YES;
				INFOPLIST_KEY_UISupportedInterfaceOrientations_iPad = "UIInterfaceOrientationPortrait UIInterfaceOrientationPortraitUpsideDown UIInterfaceOrientationLandscapeLeft UIInterfaceOrientationLandscapeRight";
				INFOPLIST_KEY_UISupportedInterfaceOrientations_iPhone = "UIInterfaceOrientationPortrait UIInterfaceOrientationLandscapeLeft UIInterfaceOrientationLandscapeRight";
				LD_RUNPATH_SEARCH_PATHS = (
					"$(inherited)",
					"@executable_path/Frameworks",
				);
				MARKETING_VERSION = 1.0;
				PRODUCT_BUNDLE_IDENTIFIER = "TAMU.CarMax-App-v2";
				PRODUCT_NAME = "$(TARGET_NAME)";
				SWIFT_EMIT_LOC_STRINGS = YES;
				SWIFT_VERSION = 5.0;
				TARGETED_DEVICE_FAMILY = "1,2";
			};
			name = Debug;
		};
		DB017DD52D84EC7D008A5E2A /* Release */ = {
			isa = XCBuildConfiguration;
			buildSettings = {
				ASSETCATALOG_COMPILER_APPICON_NAME = AppIcon;
				ASSETCATALOG_COMPILER_GLOBAL_ACCENT_COLOR_NAME = AccentColor;
				CODE_SIGN_STYLE = Automatic;
				CURRENT_PROJECT_VERSION = 1;
				DEVELOPMENT_ASSET_PATHS = "\"CarMax App v2/Preview Content\"";
				ENABLE_PREVIEWS = YES;
				GENERATE_INFOPLIST_FILE = YES;
				INFOPLIST_KEY_UIApplicationSceneManifest_Generation = YES;
				INFOPLIST_KEY_UIApplicationSupportsIndirectInputEvents = YES;
				INFOPLIST_KEY_UILaunchScreen_Generation = YES;
				INFOPLIST_KEY_UISupportedInterfaceOrientations_iPad = "UIInterfaceOrientationPortrait UIInterfaceOrientationPortraitUpsideDown UIInterfaceOrientationLandscapeLeft UIInterfaceOrientationLandscapeRight";
				INFOPLIST_KEY_UISupportedInterfaceOrientations_iPhone = "UIInterfaceOrientationPortrait UIInterfaceOrientationLandscapeLeft UIInterfaceOrientationLandscapeRight";
				LD_RUNPATH_SEARCH_PATHS = (
					"$(inherited)",
					"@executable_path/Frameworks",
				);
				MARKETING_VERSION = 1.0;
				PRODUCT_BUNDLE_IDENTIFIER = "TAMU.CarMax-App-v2";
				PRODUCT_NAME = "$(TARGET_NAME)";
				SWIFT_EMIT_LOC_STRINGS = YES;
				SWIFT_VERSION = 5.0;
				TARGETED_DEVICE_FAMILY = "1,2";
			};
			name = Release;
		};
		DB017DD72D84EC7D008A5E2A /* Debug */ = {
			isa = XCBuildConfiguration;
			buildSettings = {
				BUNDLE_LOADER = "$(TEST_HOST)";
				CODE_SIGN_STYLE = Automatic;
				CURRENT_PROJECT_VERSION = 1;
				GENERATE_INFOPLIST_FILE = YES;
				IPHONEOS_DEPLOYMENT_TARGET = 18.2;
				MARKETING_VERSION = 1.0;
				PRODUCT_BUNDLE_IDENTIFIER = "TAMU.CarMax-App-v2Tests";
				PRODUCT_NAME = "$(TARGET_NAME)";
				SWIFT_EMIT_LOC_STRINGS = NO;
				SWIFT_VERSION = 5.0;
				TARGETED_DEVICE_FAMILY = "1,2";
				TEST_HOST = "$(BUILT_PRODUCTS_DIR)/CarMax App v2.app/$(BUNDLE_EXECUTABLE_FOLDER_PATH)/CarMax App v2";
			};
			name = Debug;
		};
		DB017DD82D84EC7D008A5E2A /* Release */ = {
			isa = XCBuildConfiguration;
			buildSettings = {
				BUNDLE_LOADER = "$(TEST_HOST)";
				CODE_SIGN_STYLE = Automatic;
				CURRENT_PROJECT_VERSION = 1;
				GENERATE_INFOPLIST_FILE = YES;
				IPHONEOS_DEPLOYMENT_TARGET = 18.2;
				MARKETING_VERSION = 1.0;
				PRODUCT_BUNDLE_IDENTIFIER = "TAMU.CarMax-App-v2Tests";
				PRODUCT_NAME = "$(TARGET_NAME)";
				SWIFT_EMIT_LOC_STRINGS = NO;
				SWIFT_VERSION = 5.0;
				TARGETED_DEVICE_FAMILY = "1,2";
				TEST_HOST = "$(BUILT_PRODUCTS_DIR)/CarMax App v2.app/$(BUNDLE_EXECUTABLE_FOLDER_PATH)/CarMax App v2";
			};
			name = Release;
		};
		DB017DDA2D84EC7D008A5E2A /* Debug */ = {
			isa = XCBuildConfiguration;
			buildSettings = {
				CODE_SIGN_STYLE = Automatic;
				CURRENT_PROJECT_VERSION = 1;
				GENERATE_INFOPLIST_FILE = YES;
				MARKETING_VERSION = 1.0;
				PRODUCT_BUNDLE_IDENTIFIER = "TAMU.CarMax-App-v2UITests";
				PRODUCT_NAME = "$(TARGET_NAME)";
				SWIFT_EMIT_LOC_STRINGS = NO;
				SWIFT_VERSION = 5.0;
				TARGETED_DEVICE_FAMILY = "1,2";
				TEST_TARGET_NAME = "CarMax App v2";
			};
			name = Debug;
		};
		DB017DDB2D84EC7D008A5E2A /* Release */ = {
			isa = XCBuildConfiguration;
			buildSettings = {
				CODE_SIGN_STYLE = Automatic;
				CURRENT_PROJECT_VERSION = 1;
				GENERATE_INFOPLIST_FILE = YES;
				MARKETING_VERSION = 1.0;
				PRODUCT_BUNDLE_IDENTIFIER = "TAMU.CarMax-App-v2UITests";
				PRODUCT_NAME = "$(TARGET_NAME)";
				SWIFT_EMIT_LOC_STRINGS = NO;
				SWIFT_VERSION = 5.0;
				TARGETED_DEVICE_FAMILY = "1,2";
				TEST_TARGET_NAME = "CarMax App v2";
			};
			name = Release;
		};
/* End XCBuildConfiguration section */

/* Begin XCConfigurationList section */
		DB017DAA2D84EC7B008A5E2A /* Build configuration list for PBXProject "CarMax App v2" */ = {
			isa = XCConfigurationList;
			buildConfigurations = (
				DB017DD12D84EC7D008A5E2A /* Debug */,
				DB017DD22D84EC7D008A5E2A /* Release */,
			);
			defaultConfigurationIsVisible = 0;
			defaultConfigurationName = Release;
		};
		DB017DD32D84EC7D008A5E2A /* Build configuration list for PBXNativeTarget "CarMax App v2" */ = {
			isa = XCConfigurationList;
			buildConfigurations = (
				DB017DD42D84EC7D008A5E2A /* Debug */,
				DB017DD52D84EC7D008A5E2A /* Release */,
			);
			defaultConfigurationIsVisible = 0;
			defaultConfigurationName = Release;
		};
		DB017DD62D84EC7D008A5E2A /* Build configuration list for PBXNativeTarget "CarMax App v2Tests" */ = {
			isa = XCConfigurationList;
			buildConfigurations = (
				DB017DD72D84EC7D008A5E2A /* Debug */,
				DB017DD82D84EC7D008A5E2A /* Release */,
			);
			defaultConfigurationIsVisible = 0;
			defaultConfigurationName = Release;
		};
		DB017DD92D84EC7D008A5E2A /* Build configuration list for PBXNativeTarget "CarMax App v2UITests" */ = {
			isa = XCConfigurationList;
			buildConfigurations = (
				DB017DDA2D84EC7D008A5E2A /* Debug */,
				DB017DDB2D84EC7D008A5E2A /* Release */,
			);
			defaultConfigurationIsVisible = 0;
			defaultConfigurationName = Release;
		};
/* End XCConfigurationList section */
	};
	rootObject = DB017DA72D84EC7B008A5E2A /* Project object */;
}
